
Microsoft Visual Studio Solution File, Format Version 12.00
# Visual Studio Version 17
VisualStudioVersion = 17.6.33829.357
MinimumVisualStudioVersion = 10.0.40219.1
Project("{FAE04EC0-301F-11D3-BF4B-00C04F79EFBC}") = "TRMDataManager", "TRMDataManager\TRMDataManager.csproj", "{BD6958C7-63EE-4030-BBB7-7822A17B422F}"
EndProject
Project("{00D1A9C2-B5F0-4AF3-8072-F6C62B433612}") = "TRMData", "TRMData\TRMData.sqlproj", "{FD6CF8C9-4C76-49CF-8ADB-547E7C8724B2}"
EndProject
Project("{FAE04EC0-301F-11D3-BF4B-00C04F79EFBC}") = "TRMDesktopUI", "TRMDesktopUI\TRMDesktopUI.csproj", "{2D2A27E5-786A-4AD7-A88C-6F488ED9667A}"
EndProject
Project("{FAE04EC0-301F-11D3-BF4B-00C04F79EFBC}") = "TRMDataManager.Library", "TRMDataManager.Library\TRMDataManager.Library.csproj", "{9D32E1D7-69FC-4FC8-8F3E-983F748729CF}"
EndProject
Project("{FAE04EC0-301F-11D3-BF4B-00C04F79EFBC}") = "TRMDesktopUI.Library", "TRMDesktopUI.Library\TRMDesktopUI.Library.csproj", "{B44F15EC-33D4-46F4-BEEB-3EEC9CCB10C6}"
EndProject
Project("{2150E333-8FDC-42A3-9474-1A3956D46DE8}") = "Database", "Database", "{AC030FFD-9B78-4300-9A7F-2AAE1A507A9C}"
EndProject
Project("{2150E333-8FDC-42A3-9474-1A3956D46DE8}") = "API", "API", "{15A3FECB-1FD8-4FBD-AAB5-9D17D8179E80}"
EndProject
Project("{2150E333-8FDC-42A3-9474-1A3956D46DE8}") = "WPF", "WPF", "{C14EBD05-5B8A-4C9D-B865-FCC8D517312B}"
EndProject
Global
	GlobalSection(SolutionConfigurationPlatforms) = preSolution
		Debug|Any CPU = Debug|Any CPU
		Release|Any CPU = Release|Any CPU
	EndGlobalSection
	GlobalSection(ProjectConfigurationPlatforms) = postSolution
		{BD6958C7-63EE-4030-BBB7-7822A17B422F}.Debug|Any CPU.ActiveCfg = Debug|Any CPU
		{BD6958C7-63EE-4030-BBB7-7822A17B422F}.Debug|Any CPU.Build.0 = Debug|Any CPU
		{BD6958C7-63EE-4030-BBB7-7822A17B422F}.Release|Any CPU.ActiveCfg = Release|Any CPU
		{BD6958C7-63EE-4030-BBB7-7822A17B422F}.Release|Any CPU.Build.0 = Release|Any CPU
		{FD6CF8C9-4C76-49CF-8ADB-547E7C8724B2}.Debug|Any CPU.ActiveCfg = Debug|Any CPU
		{FD6CF8C9-4C76-49CF-8ADB-547E7C8724B2}.Debug|Any CPU.Build.0 = Debug|Any CPU
		{FD6CF8C9-4C76-49CF-8ADB-547E7C8724B2}.Debug|Any CPU.Deploy.0 = Debug|Any CPU
		{FD6CF8C9-4C76-49CF-8ADB-547E7C8724B2}.Release|Any CPU.ActiveCfg = Release|Any CPU
		{FD6CF8C9-4C76-49CF-8ADB-547E7C8724B2}.Release|Any CPU.Build.0 = Release|Any CPU
		{FD6CF8C9-4C76-49CF-8ADB-547E7C8724B2}.Release|Any CPU.Deploy.0 = Release|Any CPU
		{2D2A27E5-786A-4AD7-A88C-6F488ED9667A}.Debug|Any CPU.ActiveCfg = Debug|Any CPU
		{2D2A27E5-786A-4AD7-A88C-6F488ED9667A}.Debug|Any CPU.Build.0 = Debug|Any CPU
		{2D2A27E5-786A-4AD7-A88C-6F488ED9667A}.Release|Any CPU.ActiveCfg = Release|Any CPU
		{2D2A27E5-786A-4AD7-A88C-6F488ED9667A}.Release|Any CPU.Build.0 = Release|Any CPU
		{9D32E1D7-69FC-4FC8-8F3E-983F748729CF}.Debug|Any CPU.ActiveCfg = Debug|Any CPU
		{9D32E1D7-69FC-4FC8-8F3E-983F748729CF}.Debug|Any CPU.Build.0 = Debug|Any CPU
		{9D32E1D7-69FC-4FC8-8F3E-983F748729CF}.Release|Any CPU.ActiveCfg = Release|Any CPU
		{9D32E1D7-69FC-4FC8-8F3E-983F748729CF}.Release|Any CPU.Build.0 = Release|Any CPU
		{B44F15EC-33D4-46F4-BEEB-3EEC9CCB10C6}.Debug|Any CPU.ActiveCfg = Debug|Any CPU
		{B44F15EC-33D4-46F4-BEEB-3EEC9CCB10C6}.Debug|Any CPU.Build.0 = Debug|Any CPU
		{B44F15EC-33D4-46F4-BEEB-3EEC9CCB10C6}.Release|Any CPU.ActiveCfg = Release|Any CPU
		{B44F15EC-33D4-46F4-BEEB-3EEC9CCB10C6}.Release|Any CPU.Build.0 = Release|Any CPU
	EndGlobalSection
	GlobalSection(SolutionProperties) = preSolution
		HideSolutionNode = FALSE
	EndGlobalSection
	GlobalSection(NestedProjects) = preSolution
		{BD6958C7-63EE-4030-BBB7-7822A17B422F} = {15A3FECB-1FD8-4FBD-AAB5-9D17D8179E80}
		{FD6CF8C9-4C76-49CF-8ADB-547E7C8724B2} = {AC030FFD-9B78-4300-9A7F-2AAE1A507A9C}
		{2D2A27E5-786A-4AD7-A88C-6F488ED9667A} = {C14EBD05-5B8A-4C9D-B865-FCC8D517312B}
		{9D32E1D7-69FC-4FC8-8F3E-983F748729CF} = {15A3FECB-1FD8-4FBD-AAB5-9D17D8179E80}
		{B44F15EC-33D4-46F4-BEEB-3EEC9CCB10C6} = {C14EBD05-5B8A-4C9D-B865-FCC8D517312B}
	EndGlobalSection
	GlobalSection(ExtensibilityGlobals) = postSolution
		SolutionGuid = {2CCE9B90-A956-4954-AD4A-37501B965AC6}
	EndGlobalSection
EndGlobal
